
Microsoft Visual Studio Solution File, Format Version 12.00
# Visual Studio Version 16
VisualStudioVersion = 16.0.35425.106
MinimumVisualStudioVersion = 10.0.40219.1
Project("{FAE04EC0-301F-11D3-BF4B-00C04F79EFBC}") = "Projekat2026-Nikola_Milosevic", "Projekat2026-Nikola_Milosevic.csproj", "{A0C65824-5766-46D1-8296-2CE0F16D5DA2}"
EndProject
Global
	GlobalSection(SolutionConfigurationPlatforms) = preSolution
		Debug|Any CPU = Debug|Any CPU
		Release|Any CPU = Release|Any CPU
	EndGlobalSection
	GlobalSection(ProjectConfigurationPlatforms) = postSolution
		{A0C65824-5766-46D1-8296-2CE0F16D5DA2}.Debug|Any CPU.ActiveCfg = Debug|Any CPU
		{A0C65824-5766-46D1-8296-2CE0F16D5DA2}.Debug|Any CPU.Build.0 = Debug|Any CPU
		{A0C65824-5766-46D1-8296-2CE0F16D5DA2}.Release|Any CPU.ActiveCfg = Release|Any CPU
		{A0C65824-5766-46D1-8296-2CE0F16D5DA2}.Release|Any CPU.Build.0 = Release|Any CPU
	EndGlobalSection
	GlobalSection(SolutionProperties) = preSolution
		HideSolutionNode = FALSE
	EndGlobalSection
	GlobalSection(ExtensibilityGlobals) = postSolution
		SolutionGuid = {DC3D66C0-44AC-4A34-B6CB-568138FB3A8A}
	EndGlobalSection
EndGlobal
